
Microsoft Visual Studio Solution File, Format Version 12.00
# Visual Studio Version 17
VisualStudioVersion = 17.9.34728.123
MinimumVisualStudioVersion = 10.0.40219.1
Project("{9A19103F-16F7-4668-BE54-9A1E7A4F7556}") = "Haarkleur", "Haarkleur\Haarkleur.csproj", "{F23737C8-19F8-495F-8093-FD9231826962}"
EndProject
Project("{9A19103F-16F7-4668-BE54-9A1E7A4F7556}") = "Personeel", "Personeel\Personeel.csproj", "{FD76A9F5-0FC9-4A25-98AB-1F4E9947F31C}"
EndProject
Project("{9A19103F-16F7-4668-BE54-9A1E7A4F7556}") = "Postcode_Gewest", "Postcode_Gewest\Postcode_Gewest.csproj", "{02D5A108-04B3-4F12-A225-7737643DCCEA}"
EndProject
Project("{9A19103F-16F7-4668-BE54-9A1E7A4F7556}") = "Taal", "Taal\Taal.csproj", "{ED108E7F-8884-4FF3-AD52-48601F9F8BC2}"
EndProject
Project("{9A19103F-16F7-4668-BE54-9A1E7A4F7556}") = "Document_Documenttype", "Document_Documenttype\Document_Documenttype.csproj", "{FB7A6819-5EA4-4201-B220-1442B518B23F}"
EndProject
Project("{FAE04EC0-301F-11D3-BF4B-00C04F79EFBC}") = "TestBericht", "TestBericht\TestBericht.csproj", "{08E0C843-C9D0-4B7A-BC94-55DC17E1600A}"
EndProject
Global
	GlobalSection(SolutionConfigurationPlatforms) = preSolution
		Debug|Any CPU = Debug|Any CPU
		Release|Any CPU = Release|Any CPU
	EndGlobalSection
	GlobalSection(ProjectConfigurationPlatforms) = postSolution
		{F23737C8-19F8-495F-8093-FD9231826962}.Debug|Any CPU.ActiveCfg = Debug|Any CPU
		{F23737C8-19F8-495F-8093-FD9231826962}.Debug|Any CPU.Build.0 = Debug|Any CPU
		{F23737C8-19F8-495F-8093-FD9231826962}.Release|Any CPU.ActiveCfg = Release|Any CPU
		{F23737C8-19F8-495F-8093-FD9231826962}.Release|Any CPU.Build.0 = Release|Any CPU
		{FD76A9F5-0FC9-4A25-98AB-1F4E9947F31C}.Debug|Any CPU.ActiveCfg = Debug|Any CPU
		{FD76A9F5-0FC9-4A25-98AB-1F4E9947F31C}.Debug|Any CPU.Build.0 = Debug|Any CPU
		{FD76A9F5-0FC9-4A25-98AB-1F4E9947F31C}.Release|Any CPU.ActiveCfg = Release|Any CPU
		{FD76A9F5-0FC9-4A25-98AB-1F4E9947F31C}.Release|Any CPU.Build.0 = Release|Any CPU
		{02D5A108-04B3-4F12-A225-7737643DCCEA}.Debug|Any CPU.ActiveCfg = Debug|Any CPU
		{02D5A108-04B3-4F12-A225-7737643DCCEA}.Debug|Any CPU.Build.0 = Debug|Any CPU
		{02D5A108-04B3-4F12-A225-7737643DCCEA}.Release|Any CPU.ActiveCfg = Release|Any CPU
		{02D5A108-04B3-4F12-A225-7737643DCCEA}.Release|Any CPU.Build.0 = Release|Any CPU
		{ED108E7F-8884-4FF3-AD52-48601F9F8BC2}.Debug|Any CPU.ActiveCfg = Debug|Any CPU
		{ED108E7F-8884-4FF3-AD52-48601F9F8BC2}.Debug|Any CPU.Build.0 = Debug|Any CPU
		{ED108E7F-8884-4FF3-AD52-48601F9F8BC2}.Release|Any CPU.ActiveCfg = Release|Any CPU
		{ED108E7F-8884-4FF3-AD52-48601F9F8BC2}.Release|Any CPU.Build.0 = Release|Any CPU
		{FB7A6819-5EA4-4201-B220-1442B518B23F}.Debug|Any CPU.ActiveCfg = Debug|Any CPU
		{FB7A6819-5EA4-4201-B220-1442B518B23F}.Debug|Any CPU.Build.0 = Debug|Any CPU
		{FB7A6819-5EA4-4201-B220-1442B518B23F}.Release|Any CPU.ActiveCfg = Release|Any CPU
		{FB7A6819-5EA4-4201-B220-1442B518B23F}.Release|Any CPU.Build.0 = Release|Any CPU
		{08E0C843-C9D0-4B7A-BC94-55DC17E1600A}.Debug|Any CPU.ActiveCfg = Debug|Any CPU
		{08E0C843-C9D0-4B7A-BC94-55DC17E1600A}.Debug|Any CPU.Build.0 = Debug|Any CPU
		{08E0C843-C9D0-4B7A-BC94-55DC17E1600A}.Release|Any CPU.ActiveCfg = Release|Any CPU
		{08E0C843-C9D0-4B7A-BC94-55DC17E1600A}.Release|Any CPU.Build.0 = Release|Any CPU
	EndGlobalSection
	GlobalSection(SolutionProperties) = preSolution
		HideSolutionNode = FALSE
	EndGlobalSection
	GlobalSection(ExtensibilityGlobals) = postSolution
		SolutionGuid = {07254468-73B9-4639-9CE5-8B9F8BBDEF85}
	EndGlobalSection
EndGlobal
